
Microsoft Visual Studio Solution File, Format Version 12.00
# Visual Studio 2013
VisualStudioVersion = 12.0.30723.0
MinimumVisualStudioVersion = 10.0.40219.1
Project("{FAE04EC0-301F-11D3-BF4B-00C04F79EFBC}") = "RuLaw.4.5", "RuLaw.4.5\RuLaw.4.5.csproj", "{196CEE82-7F13-4048-BC8B-C45B2A86C46C}"
EndProject
Project("{FAE04EC0-301F-11D3-BF4B-00C04F79EFBC}") = "RuLaw.4.5.1", "RuLaw.4.5.1\RuLaw.4.5.1.csproj", "{D4A42CC4-A040-45A0-8008-CCAA74EFA938}"
EndProject
Global
	GlobalSection(SolutionConfigurationPlatforms) = preSolution
		Debug|Any CPU = Debug|Any CPU
		Release|Any CPU = Release|Any CPU
	EndGlobalSection
	GlobalSection(ProjectConfigurationPlatforms) = postSolution
		{196CEE82-7F13-4048-BC8B-C45B2A86C46C}.Debug|Any CPU.ActiveCfg = Debug|Any CPU
		{196CEE82-7F13-4048-BC8B-C45B2A86C46C}.Debug|Any CPU.Build.0 = Debug|Any CPU
		{196CEE82-7F13-4048-BC8B-C45B2A86C46C}.Release|Any CPU.ActiveCfg = Release|Any CPU
		{196CEE82-7F13-4048-BC8B-C45B2A86C46C}.Release|Any CPU.Build.0 = Release|Any CPU
		{D4A42CC4-A040-45A0-8008-CCAA74EFA938}.Debug|Any CPU.ActiveCfg = Debug|Any CPU
		{D4A42CC4-A040-45A0-8008-CCAA74EFA938}.Debug|Any CPU.Build.0 = Debug|Any CPU
		{D4A42CC4-A040-45A0-8008-CCAA74EFA938}.Release|Any CPU.ActiveCfg = Release|Any CPU
		{D4A42CC4-A040-45A0-8008-CCAA74EFA938}.Release|Any CPU.Build.0 = Release|Any CPU
	EndGlobalSection
	GlobalSection(SolutionProperties) = preSolution
		HideSolutionNode = FALSE
	EndGlobalSection
EndGlobal
