
Microsoft Visual Studio Solution File, Format Version 12.00
# Visual Studio Version 17
VisualStudioVersion = 17.3.32819.101
MinimumVisualStudioVersion = 10.0.40219.1
Project("{9A19103F-16F7-4668-BE54-9A1E7A4F7556}") = "RuLaw.Standard", "RuLaw.Standard\RuLaw.Standard.csproj", "{E0080AC2-802E-4276-80F3-61795E04FD04}"
EndProject
Project("{9A19103F-16F7-4668-BE54-9A1E7A4F7556}") = "RuLaw.Core", "RuLaw.Core\RuLaw.Core.csproj", "{A73F7156-A1A7-4A26-9793-82E7FB52A723}"
EndProject
Project("{FAE04EC0-301F-11D3-BF4B-00C04F79EFBC}") = "RuLaw.Tests", "RuLaw.Tests\RuLaw.Tests.csproj", "{6AA0D775-D972-4931-B01F-3D85445369A4}"
EndProject
Global
	GlobalSection(SolutionConfigurationPlatforms) = preSolution
		Debug|Any CPU = Debug|Any CPU
		Release|Any CPU = Release|Any CPU
	EndGlobalSection
	GlobalSection(ProjectConfigurationPlatforms) = postSolution
		{E0080AC2-802E-4276-80F3-61795E04FD04}.Debug|Any CPU.ActiveCfg = Debug|Any CPU
		{E0080AC2-802E-4276-80F3-61795E04FD04}.Debug|Any CPU.Build.0 = Debug|Any CPU
		{E0080AC2-802E-4276-80F3-61795E04FD04}.Release|Any CPU.ActiveCfg = Release|Any CPU
		{E0080AC2-802E-4276-80F3-61795E04FD04}.Release|Any CPU.Build.0 = Release|Any CPU
		{A73F7156-A1A7-4A26-9793-82E7FB52A723}.Debug|Any CPU.ActiveCfg = Debug|Any CPU
		{A73F7156-A1A7-4A26-9793-82E7FB52A723}.Debug|Any CPU.Build.0 = Debug|Any CPU
		{A73F7156-A1A7-4A26-9793-82E7FB52A723}.Release|Any CPU.ActiveCfg = Release|Any CPU
		{A73F7156-A1A7-4A26-9793-82E7FB52A723}.Release|Any CPU.Build.0 = Release|Any CPU
		{6AA0D775-D972-4931-B01F-3D85445369A4}.Debug|Any CPU.ActiveCfg = Debug|Any CPU
		{6AA0D775-D972-4931-B01F-3D85445369A4}.Debug|Any CPU.Build.0 = Debug|Any CPU
		{6AA0D775-D972-4931-B01F-3D85445369A4}.Release|Any CPU.ActiveCfg = Release|Any CPU
		{6AA0D775-D972-4931-B01F-3D85445369A4}.Release|Any CPU.Build.0 = Release|Any CPU
	EndGlobalSection
	GlobalSection(SolutionProperties) = preSolution
		HideSolutionNode = FALSE
	EndGlobalSection
	GlobalSection(ExtensibilityGlobals) = postSolution
		SolutionGuid = {7F7634F8-3ABB-474D-B963-176A977B095F}
	EndGlobalSection
EndGlobal
